// !$*UTF8*$!
{
	archiveVersion = 1;
	classes = {
	};
	objectVersion = 50;
	objects = {

/* Begin PBXBuildFile section */
		94F35A0F22CC550700437397 /* AppDelegate.swift in Sources */ = {isa = PBXBuildFile; fileRef = 94F35A0E22CC550700437397 /* AppDelegate.swift */; };
		94F35A1122CC550700437397 /* ViewController.swift in Sources */ = {isa = PBXBuildFile; fileRef = 94F35A1022CC550700437397 /* ViewController.swift */; };
		94F35A1422CC550700437397 /* Main.storyboard in Resources */ = {isa = PBXBuildFile; fileRef = 94F35A1222CC550700437397 /* Main.storyboard */; };
		94F35A1622CC550800437397 /* Assets.xcassets in Resources */ = {isa = PBXBuildFile; fileRef = 94F35A1522CC550800437397 /* Assets.xcassets */; };
		94F35A1922CC550800437397 /* LaunchScreen.storyboard in Resources */ = {isa = PBXBuildFile; fileRef = 94F35A1722CC550800437397 /* LaunchScreen.storyboard */; };
		94F35A2922CC564A00437397 /* demo.c in Sources */ = {isa = PBXBuildFile; fileRef = 94F35A2722CC564A00437397 /* demo.c */; };
		94F35A4022CC57D100437397 /* libyuv.a in Frameworks */ = {isa = PBXBuildFile; fileRef = 94F35A2B22CC57D000437397 /* libyuv.a */; };
		94F35A4122CC57D100437397 /* libpjmedia-videodev.a in Frameworks */ = {isa = PBXBuildFile; fileRef = 94F35A2C22CC57D000437397 /* libpjmedia-videodev.a */; };
		94F35A4222CC57D100437397 /* libpjsdp.a in Frameworks */ = {isa = PBXBuildFile; fileRef = 94F35A2D22CC57D000437397 /* libpjsdp.a */; };
		94F35A4322CC57D100437397 /* libpjlib-util.a in Frameworks */ = {isa = PBXBuildFile; fileRef = 94F35A2E22CC57D000437397 /* libpjlib-util.a */; };
		94F35A4422CC57D100437397 /* libilbccodec.a in Frameworks */ = {isa = PBXBuildFile; fileRef = 94F35A2F22CC57D000437397 /* libilbccodec.a */; };
		94F35A4522CC57D100437397 /* libpjsua.a in Frameworks */ = {isa = PBXBuildFile; fileRef = 94F35A3022CC57D000437397 /* libpjsua.a */; };
		94F35A4622CC57D100437397 /* libwebrtc.a in Frameworks */ = {isa = PBXBuildFile; fileRef = 94F35A3122CC57D100437397 /* libwebrtc.a */; };
		94F35A4722CC57D100437397 /* libpjmedia-codec.a in Frameworks */ = {isa = PBXBuildFile; fileRef = 94F35A3222CC57D100437397 /* libpjmedia-codec.a */; };
		94F35A4822CC57D100437397 /* libpj.a in Frameworks */ = {isa = PBXBuildFile; fileRef = 94F35A3322CC57D100437397 /* libpj.a */; };
		94F35A4922CC57D100437397 /* libpjsip-simple.a in Frameworks */ = {isa = PBXBuildFile; fileRef = 94F35A3422CC57D100437397 /* libpjsip-simple.a */; };
		94F35A4A22CC57D100437397 /* libg7221codec.a in Frameworks */ = {isa = PBXBuildFile; fileRef = 94F35A3522CC57D100437397 /* libg7221codec.a */; };
		94F35A4B22CC57D100437397 /* libpjnath.a in Frameworks */ = {isa = PBXBuildFile; fileRef = 94F35A3622CC57D100437397 /* libpjnath.a */; };
		94F35A4C22CC57D100437397 /* libpjmedia-audiodev.a in Frameworks */ = {isa = PBXBuildFile; fileRef = 94F35A3722CC57D100437397 /* libpjmedia-audiodev.a */; };
		94F35A4D22CC57D100437397 /* libgsmcodec.a in Frameworks */ = {isa = PBXBuildFile; fileRef = 94F35A3822CC57D100437397 /* libgsmcodec.a */; };
		94F35A4E22CC57D100437397 /* libspeex.a in Frameworks */ = {isa = PBXBuildFile; fileRef = 94F35A3922CC57D100437397 /* libspeex.a */; };
		94F35A4F22CC57D100437397 /* libresample.a in Frameworks */ = {isa = PBXBuildFile; fileRef = 94F35A3A22CC57D100437397 /* libresample.a */; };
		94F35A5022CC57D100437397 /* libpjsip-ua.a in Frameworks */ = {isa = PBXBuildFile; fileRef = 94F35A3B22CC57D100437397 /* libpjsip-ua.a */; };
		94F35A5122CC57D100437397 /* libpjsip.a in Frameworks */ = {isa = PBXBuildFile; fileRef = 94F35A3C22CC57D100437397 /* libpjsip.a */; };
		94F35A5222CC57D100437397 /* libpjsua2.a in Frameworks */ = {isa = PBXBuildFile; fileRef = 94F35A3D22CC57D100437397 /* libpjsua2.a */; };
		94F35A5322CC57D100437397 /* libpjmedia.a in Frameworks */ = {isa = PBXBuildFile; fileRef = 94F35A3E22CC57D100437397 /* libpjmedia.a */; };
		94F35A5422CC57D100437397 /* libsrtp.a in Frameworks */ = {isa = PBXBuildFile; fileRef = 94F35A3F22CC57D100437397 /* libsrtp.a */; };
		94F35A5822CC580E00437397 /* AudioToolbox.framework in Frameworks */ = {isa = PBXBuildFile; fileRef = 94F35A5722CC580E00437397 /* AudioToolbox.framework */; };
		94F35A5922CC582800437397 /* AVFoundation.framework in Frameworks */ = {isa = PBXBuildFile; fileRef = 94F35A5522CC57FB00437397 /* AVFoundation.framework */; };
/* End PBXBuildFile section */

/* Begin PBXFileReference section */
		94F35A0B22CC550700437397 /* damo.app */ = {isa = PBXFileReference; explicitFileType = wrapper.application; includeInIndex = 0; path = damo.app; sourceTree = BUILT_PRODUCTS_DIR; };
		94F35A0E22CC550700437397 /* AppDelegate.swift */ = {isa = PBXFileReference; lastKnownFileType = sourcecode.swift; path = AppDelegate.swift; sourceTree = "<group>"; };
		94F35A1022CC550700437397 /* ViewController.swift */ = {isa = PBXFileReference; lastKnownFileType = sourcecode.swift; path = ViewController.swift; sourceTree = "<group>"; };
		94F35A1322CC550700437397 /* Base */ = {isa = PBXFileReference; lastKnownFileType = file.storyboard; name = Base; path = Base.lproj/Main.storyboard; sourceTree = "<group>"; };
		94F35A1522CC550800437397 /* Assets.xcassets */ = {isa = PBXFileReference; lastKnownFileType = folder.assetcatalog; path = Assets.xcassets; sourceTree = "<group>"; };
		94F35A1822CC550800437397 /* Base */ = {isa = PBXFileReference; lastKnownFileType = file.storyboard; name = Base; path = Base.lproj/LaunchScreen.storyboard; sourceTree = "<group>"; };
		94F35A1A22CC550800437397 /* Info.plist */ = {isa = PBXFileReference; lastKnownFileType = text.plist.xml; path = Info.plist; sourceTree = "<group>"; };
		94F35A2622CC564A00437397 /* damo-Bridging-Header.h */ = {isa = PBXFileReference; lastKnownFileType = sourcecode.c.h; path = "damo-Bridging-Header.h"; sourceTree = "<group>"; };
		94F35A2722CC564A00437397 /* demo.c */ = {isa = PBXFileReference; fileEncoding = 4; lastKnownFileType = sourcecode.c.c; path = demo.c; sourceTree = "<group>"; };
		94F35A2822CC564A00437397 /* demo.h */ = {isa = PBXFileReference; fileEncoding = 4; lastKnownFileType = sourcecode.c.h; path = demo.h; sourceTree = "<group>"; };
		94F35A2B22CC57D000437397 /* libyuv.a */ = {isa = PBXFileReference; lastKnownFileType = archive.ar; name = libyuv.a; path = "../pjsip-ios/output/target/lib/libyuv.a"; sourceTree = "<group>"; };
		94F35A2C22CC57D000437397 /* libpjmedia-videodev.a */ = {isa = PBXFileReference; lastKnownFileType = archive.ar; name = "libpjmedia-videodev.a"; path = "../pjsip-ios/output/target/lib/libpjmedia-videodev.a"; sourceTree = "<group>"; };
		94F35A2D22CC57D000437397 /* libpjsdp.a */ = {isa = PBXFileReference; lastKnownFileType = archive.ar; name = libpjsdp.a; path = "../pjsip-ios/output/target/lib/libpjsdp.a"; sourceTree = "<group>"; };
		94F35A2E22CC57D000437397 /* libpjlib-util.a */ = {isa = PBXFileReference; lastKnownFileType = archive.ar; name = "libpjlib-util.a"; path = "../pjsip-ios/output/target/lib/libpjlib-util.a"; sourceTree = "<group>"; };
		94F35A2F22CC57D000437397 /* libilbccodec.a */ = {isa = PBXFileReference; lastKnownFileType = archive.ar; name = libilbccodec.a; path = "../pjsip-ios/output/target/lib/libilbccodec.a"; sourceTree = "<group>"; };
		94F35A3022CC57D000437397 /* libpjsua.a */ = {isa = PBXFileReference; lastKnownFileType = archive.ar; name = libpjsua.a; path = "../pjsip-ios/output/target/lib/libpjsua.a"; sourceTree = "<group>"; };
		94F35A3122CC57D100437397 /* libwebrtc.a */ = {isa = PBXFileReference; lastKnownFileType = archive.ar; name = libwebrtc.a; path = "../pjsip-ios/output/target/lib/libwebrtc.a"; sourceTree = "<group>"; };
		94F35A3222CC57D100437397 /* libpjmedia-codec.a */ = {isa = PBXFileReference; lastKnownFileType = archive.ar; name = "libpjmedia-codec.a"; path = "../pjsip-ios/output/target/lib/libpjmedia-codec.a"; sourceTree = "<group>"; };
		94F35A3322CC57D100437397 /* libpj.a */ = {isa = PBXFileReference; lastKnownFileType = archive.ar; name = libpj.a; path = "../pjsip-ios/output/target/lib/libpj.a"; sourceTree = "<group>"; };
		94F35A3422CC57D100437397 /* libpjsip-simple.a */ = {isa = PBXFileReference; lastKnownFileType = archive.ar; name = "libpjsip-simple.a"; path = "../pjsip-ios/output/target/lib/libpjsip-simple.a"; sourceTree = "<group>"; };
		94F35A3522CC57D100437397 /* libg7221codec.a */ = {isa = PBXFileReference; lastKnownFileType = archive.ar; name = libg7221codec.a; path = "../pjsip-ios/output/target/lib/libg7221codec.a"; sourceTree = "<group>"; };
		94F35A3622CC57D100437397 /* libpjnath.a */ = {isa = PBXFileReference; lastKnownFileType = archive.ar; name = libpjnath.a; path = "../pjsip-ios/output/target/lib/libpjnath.a"; sourceTree = "<group>"; };
		94F35A3722CC57D100437397 /* libpjmedia-audiodev.a */ = {isa = PBXFileReference; lastKnownFileType = archive.ar; name = "libpjmedia-audiodev.a"; path = "../pjsip-ios/output/target/lib/libpjmedia-audiodev.a"; sourceTree = "<group>"; };
		94F35A3822CC57D100437397 /* libgsmcodec.a */ = {isa = PBXFileReference; lastKnownFileType = archive.ar; name = libgsmcodec.a; path = "../pjsip-ios/output/target/lib/libgsmcodec.a"; sourceTree = "<group>"; };
		94F35A3922CC57D100437397 /* libspeex.a */ = {isa = PBXFileReference; lastKnownFileType = archive.ar; name = libspeex.a; path = "../pjsip-ios/output/target/lib/libspeex.a"; sourceTree = "<group>"; };
		94F35A3A22CC57D100437397 /* libresample.a */ = {isa = PBXFileReference; lastKnownFileType = archive.ar; name = libresample.a; path = "../pjsip-ios/output/target/lib/libresample.a"; sourceTree = "<group>"; };
		94F35A3B22CC57D100437397 /* libpjsip-ua.a */ = {isa = PBXFileReference; lastKnownFileType = archive.ar; name = "libpjsip-ua.a"; path = "../pjsip-ios/output/target/lib/libpjsip-ua.a"; sourceTree = "<group>"; };
		94F35A3C22CC57D100437397 /* libpjsip.a */ = {isa = PBXFileReference; lastKnownFileType = archive.ar; name = libpjsip.a; path = "../pjsip-ios/output/target/lib/libpjsip.a"; sourceTree = "<group>"; };
		94F35A3D22CC57D100437397 /* libpjsua2.a */ = {isa = PBXFileReference; lastKnownFileType = archive.ar; name = libpjsua2.a; path = "../pjsip-ios/output/target/lib/libpjsua2.a"; sourceTree = "<group>"; };
		94F35A3E22CC57D100437397 /* libpjmedia.a */ = {isa = PBXFileReference; lastKnownFileType = archive.ar; name = libpjmedia.a; path = "../pjsip-ios/output/target/lib/libpjmedia.a"; sourceTree = "<group>"; };
		94F35A3F22CC57D100437397 /* libsrtp.a */ = {isa = PBXFileReference; lastKnownFileType = archive.ar; name = libsrtp.a; path = "../pjsip-ios/output/target/lib/libsrtp.a"; sourceTree = "<group>"; };
		94F35A5522CC57FB00437397 /* AVFoundation.framework */ = {isa = PBXFileReference; lastKnownFileType = wrapper.framework; name = AVFoundation.framework; path = System/Library/Frameworks/AVFoundation.framework; sourceTree = SDKROOT; };
		94F35A5722CC580E00437397 /* AudioToolbox.framework */ = {isa = PBXFileReference; lastKnownFileType = wrapper.framework; name = AudioToolbox.framework; path = System/Library/Frameworks/AudioToolbox.framework; sourceTree = SDKROOT; };
/* End PBXFileReference section */

/* Begin PBXFrameworksBuildPhase section */
		94F35A0822CC550700437397 /* Frameworks */ = {
			isa = PBXFrameworksBuildPhase;
			buildActionMask = 2147483647;
			files = (
				94F35A5922CC582800437397 /* AVFoundation.framework in Frameworks */,
				94F35A5822CC580E00437397 /* AudioToolbox.framework in Frameworks */,
				94F35A4022CC57D100437397 /* libyuv.a in Frameworks */,
				94F35A4122CC57D100437397 /* libpjmedia-videodev.a in Frameworks */,
				94F35A4222CC57D100437397 /* libpjsdp.a in Frameworks */,
				94F35A4322CC57D100437397 /* libpjlib-util.a in Frameworks */,
				94F35A4422CC57D100437397 /* libilbccodec.a in Frameworks */,
				94F35A4522CC57D100437397 /* libpjsua.a in Frameworks */,
				94F35A4622CC57D100437397 /* libwebrtc.a in Frameworks */,
				94F35A4722CC57D100437397 /* libpjmedia-codec.a in Frameworks */,
				94F35A4822CC57D100437397 /* libpj.a in Frameworks */,
				94F35A4922CC57D100437397 /* libpjsip-simple.a in Frameworks */,
				94F35A4A22CC57D100437397 /* libg7221codec.a in Frameworks */,
				94F35A4B22CC57D100437397 /* libpjnath.a in Frameworks */,
				94F35A4C22CC57D100437397 /* libpjmedia-audiodev.a in Frameworks */,
				94F35A4D22CC57D100437397 /* libgsmcodec.a in Frameworks */,
				94F35A4E22CC57D100437397 /* libspeex.a in Frameworks */,
				94F35A4F22CC57D100437397 /* libresample.a in Frameworks */,
				94F35A5022CC57D100437397 /* libpjsip-ua.a in Frameworks */,
				94F35A5122CC57D100437397 /* libpjsip.a in Frameworks */,
				94F35A5222CC57D100437397 /* libpjsua2.a in Frameworks */,
				94F35A5322CC57D100437397 /* libpjmedia.a in Frameworks */,
				94F35A5422CC57D100437397 /* libsrtp.a in Frameworks */,
			);
			runOnlyForDeploymentPostprocessing = 0;
		};
/* End PBXFrameworksBuildPhase section */

/* Begin PBXGroup section */
		94F35A0222CC550700437397 = {
			isa = PBXGroup;
			children = (
				94F35A0D22CC550700437397 /* damo */,
				94F35A0C22CC550700437397 /* Products */,
				94F35A2A22CC57D000437397 /* Frameworks */,
			);
			sourceTree = "<group>";
		};
		94F35A0C22CC550700437397 /* Products */ = {
			isa = PBXGroup;
			children = (
				94F35A0B22CC550700437397 /* damo.app */,
			);
			name = Products;
			sourceTree = "<group>";
		};
		94F35A0D22CC550700437397 /* damo */ = {
			isa = PBXGroup;
			children = (
				94F35A2722CC564A00437397 /* demo.c */,
				94F35A2822CC564A00437397 /* demo.h */,
				94F35A0E22CC550700437397 /* AppDelegate.swift */,
				94F35A1022CC550700437397 /* ViewController.swift */,
				94F35A1222CC550700437397 /* Main.storyboard */,
				94F35A1522CC550800437397 /* Assets.xcassets */,
				94F35A1722CC550800437397 /* LaunchScreen.storyboard */,
				94F35A1A22CC550800437397 /* Info.plist */,
				94F35A2622CC564A00437397 /* damo-Bridging-Header.h */,
			);
			path = damo;
			sourceTree = "<group>";
		};
		94F35A2A22CC57D000437397 /* Frameworks */ = {
			isa = PBXGroup;
			children = (
				94F35A5722CC580E00437397 /* AudioToolbox.framework */,
				94F35A5522CC57FB00437397 /* AVFoundation.framework */,
				94F35A3522CC57D100437397 /* libg7221codec.a */,
				94F35A3822CC57D100437397 /* libgsmcodec.a */,
				94F35A2F22CC57D000437397 /* libilbccodec.a */,
				94F35A3322CC57D100437397 /* libpj.a */,
				94F35A2E22CC57D000437397 /* libpjlib-util.a */,
				94F35A3722CC57D100437397 /* libpjmedia-audiodev.a */,
				94F35A3222CC57D100437397 /* libpjmedia-codec.a */,
				94F35A2C22CC57D000437397 /* libpjmedia-videodev.a */,
				94F35A3E22CC57D100437397 /* libpjmedia.a */,
				94F35A3622CC57D100437397 /* libpjnath.a */,
				94F35A2D22CC57D000437397 /* libpjsdp.a */,
				94F35A3422CC57D100437397 /* libpjsip-simple.a */,
				94F35A3B22CC57D100437397 /* libpjsip-ua.a */,
				94F35A3C22CC57D100437397 /* libpjsip.a */,
				94F35A3022CC57D000437397 /* libpjsua.a */,
				94F35A3D22CC57D100437397 /* libpjsua2.a */,
				94F35A3A22CC57D100437397 /* libresample.a */,
				94F35A3922CC57D100437397 /* libspeex.a */,
				94F35A3F22CC57D100437397 /* libsrtp.a */,
				94F35A3122CC57D100437397 /* libwebrtc.a */,
				94F35A2B22CC57D000437397 /* libyuv.a */,
			);
			name = Frameworks;
			sourceTree = "<group>";
		};
/* End PBXGroup section */

/* Begin PBXNativeTarget section */
		94F35A0A22CC550700437397 /* damo */ = {
			isa = PBXNativeTarget;
			buildConfigurationList = 94F35A1D22CC550800437397 /* Build configuration list for PBXNativeTarget "damo" */;
			buildPhases = (
				94F35A0722CC550700437397 /* Sources */,
				94F35A0822CC550700437397 /* Frameworks */,
				94F35A0922CC550700437397 /* Resources */,
			);
			buildRules = (
			);
			dependencies = (
			);
			name = damo;
			productName = damo;
			productReference = 94F35A0B22CC550700437397 /* damo.app */;
			productType = "com.apple.product-type.application";
		};
/* End PBXNativeTarget section */

/* Begin PBXProject section */
		94F35A0322CC550700437397 /* Project object */ = {
			isa = PBXProject;
			attributes = {
				LastSwiftUpdateCheck = 1020;
				LastUpgradeCheck = 1020;
				ORGANIZATIONNAME = systec;
				TargetAttributes = {
					94F35A0A22CC550700437397 = {
						CreatedOnToolsVersion = 10.2.1;
						LastSwiftMigration = 1020;
						SystemCapabilities = {
							com.apple.BackgroundModes = {
								enabled = 1;
							};
						};
					};
				};
			};
			buildConfigurationList = 94F35A0622CC550700437397 /* Build configuration list for PBXProject "damo" */;
			compatibilityVersion = "Xcode 9.3";
			developmentRegion = en;
			hasScannedForEncodings = 0;
			knownRegions = (
				en,
				Base,
			);
			mainGroup = 94F35A0222CC550700437397;
			productRefGroup = 94F35A0C22CC550700437397 /* Products */;
			projectDirPath = "";
			projectRoot = "";
			targets = (
				94F35A0A22CC550700437397 /* damo */,
			);
		};
/* End PBXProject section */

/* Begin PBXResourcesBuildPhase section */
		94F35A0922CC550700437397 /* Resources */ = {
			isa = PBXResourcesBuildPhase;
			buildActionMask = 2147483647;
			files = (
				94F35A1922CC550800437397 /* LaunchScreen.storyboard in Resources */,
				94F35A1622CC550800437397 /* Assets.xcassets in Resources */,
				94F35A1422CC550700437397 /* Main.storyboard in Resources */,
			);
			runOnlyForDeploymentPostprocessing = 0;
		};
/* End PBXResourcesBuildPhase section */

/* Begin PBXSourcesBuildPhase section */
		94F35A0722CC550700437397 /* Sources */ = {
			isa = PBXSourcesBuildPhase;
			buildActionMask = 2147483647;
			files = (
				94F35A1122CC550700437397 /* ViewController.swift in Sources */,
				94F35A2922CC564A00437397 /* demo.c in Sources */,
				94F35A0F22CC550700437397 /* AppDelegate.swift in Sources */,
			);
			runOnlyForDeploymentPostprocessing = 0;
		};
/* End PBXSourcesBuildPhase section */

/* Begin PBXVariantGroup section */
		94F35A1222CC550700437397 /* Main.storyboard */ = {
			isa = PBXVariantGroup;
			children = (
				94F35A1322CC550700437397 /* Base */,
			);
			name = Main.storyboard;
			sourceTree = "<group>";
		};
		94F35A1722CC550800437397 /* LaunchScreen.storyboard */ = {
			isa = PBXVariantGroup;
			children = (
				94F35A1822CC550800437397 /* Base */,
			);
			name = LaunchScreen.storyboard;
			sourceTree = "<group>";
		};
/* End PBXVariantGroup section */

/* Begin XCBuildConfiguration section */
		94F35A1B22CC550800437397 /* Debug */ = {
			isa = XCBuildConfiguration;
			buildSettings = {
				ALWAYS_SEARCH_USER_PATHS = NO;
				CLANG_ANALYZER_NONNULL = YES;
				CLANG_ANALYZER_NUMBER_OBJECT_CONVERSION = YES_AGGRESSIVE;
				CLANG_CXX_LANGUAGE_STANDARD = "gnu++14";
				CLANG_CXX_LIBRARY = "libc++";
				CLANG_ENABLE_MODULES = YES;
				CLANG_ENABLE_OBJC_ARC = YES;
				CLANG_ENABLE_OBJC_WEAK = YES;
				CLANG_WARN_BLOCK_CAPTURE_AUTORELEASING = YES;
				CLANG_WARN_BOOL_CONVERSION = YES;
				CLANG_WARN_COMMA = YES;
				CLANG_WARN_CONSTANT_CONVERSION = YES;
				CLANG_WARN_DEPRECATED_OBJC_IMPLEMENTATIONS = YES;
				CLANG_WARN_DIRECT_OBJC_ISA_USAGE = YES_ERROR;
				CLANG_WARN_DOCUMENTATION_COMMENTS = YES;
				CLANG_WARN_EMPTY_BODY = YES;
				CLANG_WARN_ENUM_CONVERSION = YES;
				CLANG_WARN_INFINITE_RECURSION = YES;
				CLANG_WARN_INT_CONVERSION = YES;
				CLANG_WARN_NON_LITERAL_NULL_CONVERSION = YES;
				CLANG_WARN_OBJC_IMPLICIT_RETAIN_SELF = YES;
				CLANG_WARN_OBJC_LITERAL_CONVERSION = YES;
				CLANG_WARN_OBJC_ROOT_CLASS = YES_ERROR;
				CLANG_WARN_RANGE_LOOP_ANALYSIS = YES;
				CLANG_WARN_STRICT_PROTOTYPES = YES;
				CLANG_WARN_SUSPICIOUS_MOVE = YES;
				CLANG_WARN_UNGUARDED_AVAILABILITY = YES_AGGRESSIVE;
				CLANG_WARN_UNREACHABLE_CODE = YES;
				CLANG_WARN__DUPLICATE_METHOD_MATCH = YES;
				CODE_SIGN_IDENTITY = "iPhone Developer";
				COPY_PHASE_STRIP = NO;
				DEBUG_INFORMATION_FORMAT = dwarf;
				ENABLE_STRICT_OBJC_MSGSEND = YES;
				ENABLE_TESTABILITY = YES;
				GCC_C_LANGUAGE_STANDARD = gnu11;
				GCC_DYNAMIC_NO_PIC = NO;
				GCC_NO_COMMON_BLOCKS = YES;
				GCC_OPTIMIZATION_LEVEL = 0;
				GCC_PREPROCESSOR_DEFINITIONS = (
					"DEBUG=1",
					"$(inherited)",
				);
				GCC_WARN_64_TO_32_BIT_CONVERSION = YES;
				GCC_WARN_ABOUT_RETURN_TYPE = YES_ERROR;
				GCC_WARN_UNDECLARED_SELECTOR = YES;
				GCC_WARN_UNINITIALIZED_AUTOS = YES_AGGRESSIVE;
				GCC_WARN_UNUSED_FUNCTION = YES;
				GCC_WARN_UNUSED_VARIABLE = YES;
				IPHONEOS_DEPLOYMENT_TARGET = 12.2;
				MTL_ENABLE_DEBUG_INFO = INCLUDE_SOURCE;
				MTL_FAST_MATH = YES;
				ONLY_ACTIVE_ARCH = YES;
				SDKROOT = iphoneos;
				SWIFT_ACTIVE_COMPILATION_CONDITIONS = DEBUG;
				SWIFT_OPTIMIZATION_LEVEL = "-Onone";
			};
			name = Debug;
		};
		94F35A1C22CC550800437397 /* Release */ = {
			isa = XCBuildConfiguration;
			buildSettings = {
				ALWAYS_SEARCH_USER_PATHS = NO;
				CLANG_ANALYZER_NONNULL = YES;
				CLANG_ANALYZER_NUMBER_OBJECT_CONVERSION = YES_AGGRESSIVE;
				CLANG_CXX_LANGUAGE_STANDARD = "gnu++14";
				CLANG_CXX_LIBRARY = "libc++";
				CLANG_ENABLE_MODULES = YES;
				CLANG_ENABLE_OBJC_ARC = YES;
				CLANG_ENABLE_OBJC_WEAK = YES;
				CLANG_WARN_BLOCK_CAPTURE_AUTORELEASING = YES;
				CLANG_WARN_BOOL_CONVERSION = YES;
				CLANG_WARN_COMMA = YES;
				CLANG_WARN_CONSTANT_CONVERSION = YES;
				CLANG_WARN_DEPRECATED_OBJC_IMPLEMENTATIONS = YES;
				CLANG_WARN_DIRECT_OBJC_ISA_USAGE = YES_ERROR;
				CLANG_WARN_DOCUMENTATION_COMMENTS = YES;
				CLANG_WARN_EMPTY_BODY = YES;
				CLANG_WARN_ENUM_CONVERSION = YES;
				CLANG_WARN_INFINITE_RECURSION = YES;
				CLANG_WARN_INT_CONVERSION = YES;
				CLANG_WARN_NON_LITERAL_NULL_CONVERSION = YES;
				CLANG_WARN_OBJC_IMPLICIT_RETAIN_SELF = YES;
				CLANG_WARN_OBJC_LITERAL_CONVERSION = YES;
				CLANG_WARN_OBJC_ROOT_CLASS = YES_ERROR;
				CLANG_WARN_RANGE_LOOP_ANALYSIS = YES;
				CLANG_WARN_STRICT_PROTOTYPES = YES;
				CLANG_WARN_SUSPICIOUS_MOVE = YES;
				CLANG_WARN_UNGUARDED_AVAILABILITY = YES_AGGRESSIVE;
				CLANG_WARN_UNREACHABLE_CODE = YES;
				CLANG_WARN__DUPLICATE_METHOD_MATCH = YES;
				CODE_SIGN_IDENTITY = "iPhone Developer";
				COPY_PHASE_STRIP = NO;
				DEBUG_INFORMATION_FORMAT = "dwarf-with-dsym";
				ENABLE_NS_ASSERTIONS = NO;
				ENABLE_STRICT_OBJC_MSGSEND = YES;
				GCC_C_LANGUAGE_STANDARD = gnu11;
				GCC_NO_COMMON_BLOCKS = YES;
				GCC_WARN_64_TO_32_BIT_CONVERSION = YES;
				GCC_WARN_ABOUT_RETURN_TYPE = YES_ERROR;
				GCC_WARN_UNDECLARED_SELECTOR = YES;
				GCC_WARN_UNINITIALIZED_AUTOS = YES_AGGRESSIVE;
				GCC_WARN_UNUSED_FUNCTION = YES;
				GCC_WARN_UNUSED_VARIABLE = YES;
				IPHONEOS_DEPLOYMENT_TARGET = 12.2;
				MTL_ENABLE_DEBUG_INFO = NO;
				MTL_FAST_MATH = YES;
				SDKROOT = iphoneos;
				SWIFT_COMPILATION_MODE = wholemodule;
				SWIFT_OPTIMIZATION_LEVEL = "-O";
				VALIDATE_PRODUCT = YES;
			};
			name = Release;
		};
		94F35A1E22CC550800437397 /* Debug */ = {
			isa = XCBuildConfiguration;
			buildSettings = {
				ASSETCATALOG_COMPILER_APPICON_NAME = AppIcon;
				CLANG_ENABLE_MODULES = YES;
				CODE_SIGN_STYLE = Automatic;
				DEVELOPMENT_TEAM = TQ7AZ7K6N7;
				GCC_PREPROCESSOR_DEFINITIONS = (
					"DEBUG=1",
					"PJ_AUTOCONF=1",
					USE_GUI,
				);
				HEADER_SEARCH_PATHS = "/Users/systec/Documents/src/pjsip-ios/output/target/include";
				INFOPLIST_FILE = damo/Info.plist;
				LD_RUNPATH_SEARCH_PATHS = (
					"$(inherited)",
					"@executable_path/Frameworks",
				);
				LIBRARY_SEARCH_PATHS = "/Users/systec/Documents/src/pjsip-ios/output/target/lib";
				PRODUCT_BUNDLE_IDENTIFIER = systec.damo;
				PRODUCT_NAME = "$(TARGET_NAME)";
				SWIFT_OBJC_BRIDGING_HEADER = "damo/damo-Bridging-Header.h";
				SWIFT_OPTIMIZATION_LEVEL = "-Onone";
				SWIFT_VERSION = 5.0;
				TARGETED_DEVICE_FAMILY = "1,2";
			};
			name = Debug;
		};
		94F35A1F22CC550800437397 /* Release */ = {
			isa = XCBuildConfiguration;
			buildSettings = {
				ASSETCATALOG_COMPILER_APPICON_NAME = AppIcon;
				CLANG_ENABLE_MODULES = YES;
				CODE_SIGN_STYLE = Automatic;
				DEVELOPMENT_TEAM = TQ7AZ7K6N7;
				GCC_PREPROCESSOR_DEFINITIONS = (
					"PJ_AUTOCONF=1",
					USE_GUI,
				);
				HEADER_SEARCH_PATHS = "/Users/systec/Documents/src/pjsip-ios/output/target/include";
				INFOPLIST_FILE = damo/Info.plist;
				LD_RUNPATH_SEARCH_PATHS = (
					"$(inherited)",
					"@executable_path/Frameworks",
				);
				LIBRARY_SEARCH_PATHS = "/Users/systec/Documents/src/pjsip-ios/output/target/lib";
				PRODUCT_BUNDLE_IDENTIFIER = systec.damo;
				PRODUCT_NAME = "$(TARGET_NAME)";
				SWIFT_OBJC_BRIDGING_HEADER = "damo/damo-Bridging-Header.h";
				SWIFT_VERSION = 5.0;
				TARGETED_DEVICE_FAMILY = "1,2";
			};
			name = Release;
		};
/* End XCBuildConfiguration section */

/* Begin XCConfigurationList section */
		94F35A0622CC550700437397 /* Build configuration list for PBXProject "damo" */ = {
			isa = XCConfigurationList;
			buildConfigurations = (
				94F35A1B22CC550800437397 /* Debug */,
				94F35A1C22CC550800437397 /* Release */,
			);
			defaultConfigurationIsVisible = 0;
			defaultConfigurationName = Release;
		};
		94F35A1D22CC550800437397 /* Build configuration list for PBXNativeTarget "damo" */ = {
			isa = XCConfigurationList;
			buildConfigurations = (
				94F35A1E22CC550800437397 /* Debug */,
				94F35A1F22CC550800437397 /* Release */,
			);
			defaultConfigurationIsVisible = 0;
			defaultConfigurationName = Release;
		};
/* End XCConfigurationList section */
	};
	rootObject = 94F35A0322CC550700437397 /* Project object */;
}
